
Microsoft Visual Studio Solution File, Format Version 12.00
# Visual Studio Version 17
VisualStudioVersion = 17.9.34728.123
MinimumVisualStudioVersion = 10.0.40219.1
Project("{FAE04EC0-301F-11D3-BF4B-00C04F79EFBC}") = "app.Android", "app.Android\app.Android.csproj", "{8E687539-9880-477B-9E4D-40611BE853DB}"
EndProject
Project("{FAE04EC0-301F-11D3-BF4B-00C04F79EFBC}") = "app", "app\app.csproj", "{A6E2997C-0CF5-4779-8533-E61669EDC3B1}"
EndProject
Global
	GlobalSection(SolutionConfigurationPlatforms) = preSolution
		Debug|Any CPU = Debug|Any CPU
		Release|Any CPU = Release|Any CPU
	EndGlobalSection
	GlobalSection(ProjectConfigurationPlatforms) = postSolution
		{8E687539-9880-477B-9E4D-40611BE853DB}.Debug|Any CPU.ActiveCfg = Debug|Any CPU
		{8E687539-9880-477B-9E4D-40611BE853DB}.Debug|Any CPU.Build.0 = Debug|Any CPU
		{8E687539-9880-477B-9E4D-40611BE853DB}.Debug|Any CPU.Deploy.0 = Debug|Any CPU
		{8E687539-9880-477B-9E4D-40611BE853DB}.Release|Any CPU.ActiveCfg = Release|Any CPU
		{8E687539-9880-477B-9E4D-40611BE853DB}.Release|Any CPU.Build.0 = Release|Any CPU
		{8E687539-9880-477B-9E4D-40611BE853DB}.Release|Any CPU.Deploy.0 = Release|Any CPU
		{A6E2997C-0CF5-4779-8533-E61669EDC3B1}.Debug|Any CPU.ActiveCfg = Debug|Any CPU
		{A6E2997C-0CF5-4779-8533-E61669EDC3B1}.Debug|Any CPU.Build.0 = Debug|Any CPU
		{A6E2997C-0CF5-4779-8533-E61669EDC3B1}.Debug|Any CPU.Deploy.0 = Debug|Any CPU
		{A6E2997C-0CF5-4779-8533-E61669EDC3B1}.Release|Any CPU.ActiveCfg = Release|Any CPU
		{A6E2997C-0CF5-4779-8533-E61669EDC3B1}.Release|Any CPU.Build.0 = Release|Any CPU
		{A6E2997C-0CF5-4779-8533-E61669EDC3B1}.Release|Any CPU.Deploy.0 = Release|Any CPU
	EndGlobalSection
	GlobalSection(SolutionProperties) = preSolution
		HideSolutionNode = FALSE
	EndGlobalSection
	GlobalSection(ExtensibilityGlobals) = postSolution
		SolutionGuid = {6E912BB8-4BF2-4B04-BC83-955B8EAEC3E1}
	EndGlobalSection
EndGlobal
